
Microsoft Visual Studio Solution File, Format Version 12.00
# Visual Studio 15
VisualStudioVersion = 15.0.27130.2010
MinimumVisualStudioVersion = 10.0.40219.1
Project("{FAE04EC0-301F-11D3-BF4B-00C04F79EFBC}") = "MassEffectIniModder", "MassEffectIniModder\MassEffectIniModder.csproj", "{D6728B92-3A3C-4D3F-AB62-EF156842BA4B}"
EndProject
Global
	GlobalSection(SolutionConfigurationPlatforms) = preSolution
		Debug|Any CPU = Debug|Any CPU
		Release|Any CPU = Release|Any CPU
	EndGlobalSection
	GlobalSection(ProjectConfigurationPlatforms) = postSolution
		{D6728B92-3A3C-4D3F-AB62-EF156842BA4B}.Debug|Any CPU.ActiveCfg = Debug|Any CPU
		{D6728B92-3A3C-4D3F-AB62-EF156842BA4B}.Debug|Any CPU.Build.0 = Debug|Any CPU
		{D6728B92-3A3C-4D3F-AB62-EF156842BA4B}.Release|Any CPU.ActiveCfg = Release|Any CPU
		{D6728B92-3A3C-4D3F-AB62-EF156842BA4B}.Release|Any CPU.Build.0 = Release|Any CPU
	EndGlobalSection
	GlobalSection(SolutionProperties) = preSolution
		HideSolutionNode = FALSE
	EndGlobalSection
	GlobalSection(ExtensibilityGlobals) = postSolution
		SolutionGuid = {828A9820-FF11-4129-BC9A-91054A4DDB16}
	EndGlobalSection
EndGlobal
